{
  "object": {
    "pins": [
      {
        "package": "Facebook",
        "repositoryURL": "https://github.com/facebook/facebook-ios-sdk",
        "state": {
          "branch": "main",
          "revision": "39a75091231b5f5244798bc1c66c13a5e5a48423",
          "version": null
        }
      }
    ]
  },
  "version": 1
}
